
Microsoft Visual Studio Solution File, Format Version 12.00
# Visual Studio Version 17
VisualStudioVersion = 17.8.34525.116
MinimumVisualStudioVersion = 10.0.40219.1
Project("{FAE04EC0-301F-11D3-BF4B-00C04F79EFBC}") = "LamBaiTap5", "LamBaiTap5\LamBaiTap5.csproj", "{B22F69EC-F1FC-4F9F-A541-D62E4CD1311D}"
EndProject
Global
	GlobalSection(SolutionConfigurationPlatforms) = preSolution
		Debug|Any CPU = Debug|Any CPU
		Release|Any CPU = Release|Any CPU
	EndGlobalSection
	GlobalSection(ProjectConfigurationPlatforms) = postSolution
		{B22F69EC-F1FC-4F9F-A541-D62E4CD1311D}.Debug|Any CPU.ActiveCfg = Debug|Any CPU
		{B22F69EC-F1FC-4F9F-A541-D62E4CD1311D}.Debug|Any CPU.Build.0 = Debug|Any CPU
		{B22F69EC-F1FC-4F9F-A541-D62E4CD1311D}.Release|Any CPU.ActiveCfg = Release|Any CPU
		{B22F69EC-F1FC-4F9F-A541-D62E4CD1311D}.Release|Any CPU.Build.0 = Release|Any CPU
	EndGlobalSection
	GlobalSection(SolutionProperties) = preSolution
		HideSolutionNode = FALSE
	EndGlobalSection
	GlobalSection(ExtensibilityGlobals) = postSolution
		SolutionGuid = {1EE7A048-1989-48CE-8196-6DE734C2FC3C}
	EndGlobalSection
EndGlobal
